// !$*UTF8*$!
{
	archiveVersion = 1;
	classes = {
	};
	objectVersion = 46;
	objects = {

/* Begin PBXBuildFile section */
		44DF128E1E71B6EB00E8C4AB /* AppDelegate.swift in Sources */ = {isa = PBXBuildFile; fileRef = 44DF128D1E71B6EB00E8C4AB /* AppDelegate.swift */; };
		44DF12901E71B6EB00E8C4AB /* ViewController.swift in Sources */ = {isa = PBXBuildFile; fileRef = 44DF128F1E71B6EB00E8C4AB /* ViewController.swift */; };
		44DF12931E71B6EB00E8C4AB /* Main.storyboard in Resources */ = {isa = PBXBuildFile; fileRef = 44DF12911E71B6EB00E8C4AB /* Main.storyboard */; };
		44DF12951E71B6EB00E8C4AB /* Images.xcassets in Resources */ = {isa = PBXBuildFile; fileRef = 44DF12941E71B6EB00E8C4AB /* Images.xcassets */; };
		44DF12981E71B6EB00E8C4AB /* LaunchScreen.xib in Resources */ = {isa = PBXBuildFile; fileRef = 44DF12961E71B6EB00E8C4AB /* LaunchScreen.xib */; };
		44DF12A41E71B6EB00E8C4AB /* TestAppTests.swift in Sources */ = {isa = PBXBuildFile; fileRef = 44DF12A31E71B6EB00E8C4AB /* TestAppTests.swift */; };
/* End PBXBuildFile section */

/* Begin PBXContainerItemProxy section */
		44DF129E1E71B6EB00E8C4AB /* PBXContainerItemProxy */ = {
			isa = PBXContainerItemProxy;
			containerPortal = 44DF12801E71B6EB00E8C4AB /* Project object */;
			proxyType = 1;
			remoteGlobalIDString = 44DF12871E71B6EB00E8C4AB;
			remoteInfo = TestApp;
		};
/* End PBXContainerItemProxy section */

/* Begin PBXFileReference section */
		44DF12881E71B6EB00E8C4AB /* TestApp.app */ = {isa = PBXFileReference; explicitFileType = wrapper.application; includeInIndex = 0; path = TestApp.app; sourceTree = BUILT_PRODUCTS_DIR; };
		44DF128C1E71B6EB00E8C4AB /* Info.plist */ = {isa = PBXFileReference; lastKnownFileType = text.plist.xml; path = Info.plist; sourceTree = "<group>"; };
		44DF128D1E71B6EB00E8C4AB /* AppDelegate.swift */ = {isa = PBXFileReference; lastKnownFileType = sourcecode.swift; path = AppDelegate.swift; sourceTree = "<group>"; };
		44DF128F1E71B6EB00E8C4AB /* ViewController.swift */ = {isa = PBXFileReference; lastKnownFileType = sourcecode.swift; path = ViewController.swift; sourceTree = "<group>"; };
		44DF12921E71B6EB00E8C4AB /* Base */ = {isa = PBXFileReference; lastKnownFileType = file.storyboard; name = Base; path = Base.lproj/Main.storyboard; sourceTree = "<group>"; };
		44DF12941E71B6EB00E8C4AB /* Images.xcassets */ = {isa = PBXFileReference; lastKnownFileType = folder.assetcatalog; path = Images.xcassets; sourceTree = "<group>"; };
		44DF12971E71B6EB00E8C4AB /* Base */ = {isa = PBXFileReference; lastKnownFileType = file.xib; name = Base; path = Base.lproj/LaunchScreen.xib; sourceTree = "<group>"; };
		44DF129D1E71B6EB00E8C4AB /* TestAppTests.xctest */ = {isa = PBXFileReference; explicitFileType = wrapper.cfbundle; includeInIndex = 0; path = TestAppTests.xctest; sourceTree = BUILT_PRODUCTS_DIR; };
		44DF12A21E71B6EB00E8C4AB /* Info.plist */ = {isa = PBXFileReference; lastKnownFileType = text.plist.xml; path = Info.plist; sourceTree = "<group>"; };
		44DF12A31E71B6EB00E8C4AB /* TestAppTests.swift */ = {isa = PBXFileReference; lastKnownFileType = sourcecode.swift; path = TestAppTests.swift; sourceTree = "<group>"; };
/* End PBXFileReference section */

/* Begin PBXFrameworksBuildPhase section */
		44DF12851E71B6EB00E8C4AB /* Frameworks */ = {
			isa = PBXFrameworksBuildPhase;
			buildActionMask = 2147483647;
			files = (
			);
			runOnlyForDeploymentPostprocessing = 0;
		};
		44DF129A1E71B6EB00E8C4AB /* Frameworks */ = {
			isa = PBXFrameworksBuildPhase;
			buildActionMask = 2147483647;
			files = (
			);
			runOnlyForDeploymentPostprocessing = 0;
		};
/* End PBXFrameworksBuildPhase section */

/* Begin PBXGroup section */
		44DF127F1E71B6EB00E8C4AB = {
			isa = PBXGroup;
			children = (
				44DF128A1E71B6EB00E8C4AB /* TestApp */,
				44DF12A01E71B6EB00E8C4AB /* TestAppTests */,
				44DF12891E71B6EB00E8C4AB /* Products */,
			);
			sourceTree = "<group>";
		};
		44DF12891E71B6EB00E8C4AB /* Products */ = {
			isa = PBXGroup;
			children = (
				44DF12881E71B6EB00E8C4AB /* TestApp.app */,
				44DF129D1E71B6EB00E8C4AB /* TestAppTests.xctest */,
			);
			name = Products;
			sourceTree = "<group>";
		};
		44DF128A1E71B6EB00E8C4AB /* TestApp */ = {
			isa = PBXGroup;
			children = (
				44DF128D1E71B6EB00E8C4AB /* AppDelegate.swift */,
				44DF128F1E71B6EB00E8C4AB /* ViewController.swift */,
				44DF12911E71B6EB00E8C4AB /* Main.storyboard */,
				44DF12941E71B6EB00E8C4AB /* Images.xcassets */,
				44DF12961E71B6EB00E8C4AB /* LaunchScreen.xib */,
				44DF128B1E71B6EB00E8C4AB /* Supporting Files */,
			);
			path = TestApp;
			sourceTree = "<group>";
		};
		44DF128B1E71B6EB00E8C4AB /* Supporting Files */ = {
			isa = PBXGroup;
			children = (
				44DF128C1E71B6EB00E8C4AB /* Info.plist */,
			);
			name = "Supporting Files";
			sourceTree = "<group>";
		};
		44DF12A01E71B6EB00E8C4AB /* TestAppTests */ = {
			isa = PBXGroup;
			children = (
				44DF12A31E71B6EB00E8C4AB /* TestAppTests.swift */,
				44DF12A11E71B6EB00E8C4AB /* Supporting Files */,
			);
			path = TestAppTests;
			sourceTree = "<group>";
		};
		44DF12A11E71B6EB00E8C4AB /* Supporting Files */ = {
			isa = PBXGroup;
			children = (
				44DF12A21E71B6EB00E8C4AB /* Info.plist */,
			);
			name = "Supporting Files";
			sourceTree = "<group>";
		};
/* End PBXGroup section */

/* Begin PBXNativeTarget section */
		44DF12871E71B6EB00E8C4AB /* TestApp */ = {
			isa = PBXNativeTarget;
			buildConfigurationList = 44DF12A71E71B6EB00E8C4AB /* Build configuration list for PBXNativeTarget "TestApp" */;
			buildPhases = (
				44DF12841E71B6EB00E8C4AB /* Sources */,
				44DF12851E71B6EB00E8C4AB /* Frameworks */,
				44DF12861E71B6EB00E8C4AB /* Resources */,
			);
			buildRules = (
			);
			dependencies = (
			);
			name = TestApp;
			productName = TestApp;
			productReference = 44DF12881E71B6EB00E8C4AB /* TestApp.app */;
			productType = "com.apple.product-type.application";
		};
		44DF129C1E71B6EB00E8C4AB /* TestAppTests */ = {
			isa = PBXNativeTarget;
			buildConfigurationList = 44DF12AA1E71B6EB00E8C4AB /* Build configuration list for PBXNativeTarget "TestAppTests" */;
			buildPhases = (
				44DF12991E71B6EB00E8C4AB /* Sources */,
				44DF129A1E71B6EB00E8C4AB /* Frameworks */,
				44DF129B1E71B6EB00E8C4AB /* Resources */,
			);
			buildRules = (
			);
			dependencies = (
				44DF129F1E71B6EB00E8C4AB /* PBXTargetDependency */,
			);
			name = TestAppTests;
			productName = TestAppTests;
			productReference = 44DF129D1E71B6EB00E8C4AB /* TestAppTests.xctest */;
			productType = "com.apple.product-type.bundle.unit-test";
		};
/* End PBXNativeTarget section */

/* Begin PBXProject section */
		44DF12801E71B6EB00E8C4AB /* Project object */ = {
			isa = PBXProject;
			attributes = {
				LastUpgradeCheck = 0610;
				ORGANIZATIONNAME = "Hutchison, Gabriel";
				TargetAttributes = {
					44DF12871E71B6EB00E8C4AB = {
						CreatedOnToolsVersion = 6.1.1;
					};
					44DF129C1E71B6EB00E8C4AB = {
						CreatedOnToolsVersion = 6.1.1;
						TestTargetID = 44DF12871E71B6EB00E8C4AB;
					};
				};
			};
			buildConfigurationList = 44DF12831E71B6EB00E8C4AB /* Build configuration list for PBXProject "TestApp" */;
			compatibilityVersion = "Xcode 3.2";
			developmentRegion = English;
			hasScannedForEncodings = 0;
			knownRegions = (
				en,
				Base,
			);
			mainGroup = 44DF127F1E71B6EB00E8C4AB;
			productRefGroup = 44DF12891E71B6EB00E8C4AB /* Products */;
			projectDirPath = "";
			projectRoot = "";
			targets = (
				44DF12871E71B6EB00E8C4AB /* TestApp */,
				44DF129C1E71B6EB00E8C4AB /* TestAppTests */,
			);
		};
/* End PBXProject section */

/* Begin PBXResourcesBuildPhase section */
		44DF12861E71B6EB00E8C4AB /* Resources */ = {
			isa = PBXResourcesBuildPhase;
			buildActionMask = 2147483647;
			files = (
				44DF12931E71B6EB00E8C4AB /* Main.storyboard in Resources */,
				44DF12981E71B6EB00E8C4AB /* LaunchScreen.xib in Resources */,
				44DF12951E71B6EB00E8C4AB /* Images.xcassets in Resources */,
			);
			runOnlyForDeploymentPostprocessing = 0;
		};
		44DF129B1E71B6EB00E8C4AB /* Resources */ = {
			isa = PBXResourcesBuildPhase;
			buildActionMask = 2147483647;
			files = (
			);
			runOnlyForDeploymentPostprocessing = 0;
		};
/* End PBXResourcesBuildPhase section */

/* Begin PBXSourcesBuildPhase section */
		44DF12841E71B6EB00E8C4AB /* Sources */ = {
			isa = PBXSourcesBuildPhase;
			buildActionMask = 2147483647;
			files = (
				44DF12901E71B6EB00E8C4AB /* ViewController.swift in Sources */,
				44DF128E1E71B6EB00E8C4AB /* AppDelegate.swift in Sources */,
			);
			runOnlyForDeploymentPostprocessing = 0;
		};
		44DF12991E71B6EB00E8C4AB /* Sources */ = {
			isa = PBXSourcesBuildPhase;
			buildActionMask = 2147483647;
			files = (
				44DF12A41E71B6EB00E8C4AB /* TestAppTests.swift in Sources */,
			);
			runOnlyForDeploymentPostprocessing = 0;
		};
/* End PBXSourcesBuildPhase section */

/* Begin PBXTargetDependency section */
		44DF129F1E71B6EB00E8C4AB /* PBXTargetDependency */ = {
			isa = PBXTargetDependency;
			target = 44DF12871E71B6EB00E8C4AB /* TestApp */;
			targetProxy = 44DF129E1E71B6EB00E8C4AB /* PBXContainerItemProxy */;
		};
/* End PBXTargetDependency section */

/* Begin PBXVariantGroup section */
		44DF12911E71B6EB00E8C4AB /* Main.storyboard */ = {
			isa = PBXVariantGroup;
			children = (
				44DF12921E71B6EB00E8C4AB /* Base */,
			);
			name = Main.storyboard;
			sourceTree = "<group>";
		};
		44DF12961E71B6EB00E8C4AB /* LaunchScreen.xib */ = {
			isa = PBXVariantGroup;
			children = (
				44DF12971E71B6EB00E8C4AB /* Base */,
			);
			name = LaunchScreen.xib;
			sourceTree = "<group>";
		};
/* End PBXVariantGroup section */

/* Begin XCBuildConfiguration section */
		44DF12A51E71B6EB00E8C4AB /* Debug */ = {
			isa = XCBuildConfiguration;
			buildSettings = {
				ALWAYS_SEARCH_USER_PATHS = NO;
				CLANG_CXX_LANGUAGE_STANDARD = "gnu++0x";
				CLANG_CXX_LIBRARY = "libc++";
				CLANG_ENABLE_MODULES = YES;
				CLANG_ENABLE_OBJC_ARC = YES;
				CLANG_WARN_BOOL_CONVERSION = YES;
				CLANG_WARN_CONSTANT_CONVERSION = YES;
				CLANG_WARN_DIRECT_OBJC_ISA_USAGE = YES_ERROR;
				CLANG_WARN_EMPTY_BODY = YES;
				CLANG_WARN_ENUM_CONVERSION = YES;
				CLANG_WARN_INT_CONVERSION = YES;
				CLANG_WARN_OBJC_ROOT_CLASS = YES_ERROR;
				CLANG_WARN_UNREACHABLE_CODE = YES;
				CLANG_WARN__DUPLICATE_METHOD_MATCH = YES;
				"CODE_SIGN_IDENTITY[sdk=iphoneos*]" = "iPhone Developer";
				COPY_PHASE_STRIP = NO;
				ENABLE_STRICT_OBJC_MSGSEND = YES;
				GCC_C_LANGUAGE_STANDARD = gnu99;
				GCC_DYNAMIC_NO_PIC = NO;
				GCC_OPTIMIZATION_LEVEL = 0;
				GCC_PREPROCESSOR_DEFINITIONS = (
					"DEBUG=1",
					"$(inherited)",
				);
				GCC_SYMBOLS_PRIVATE_EXTERN = NO;
				GCC_WARN_64_TO_32_BIT_CONVERSION = YES;
				GCC_WARN_ABOUT_RETURN_TYPE = YES_ERROR;
				GCC_WARN_UNDECLARED_SELECTOR = YES;
				GCC_WARN_UNINITIALIZED_AUTOS = YES_AGGRESSIVE;
				GCC_WARN_UNUSED_FUNCTION = YES;
				GCC_WARN_UNUSED_VARIABLE = YES;
				IPHONEOS_DEPLOYMENT_TARGET = 8.1;
				MTL_ENABLE_DEBUG_INFO = YES;
				ONLY_ACTIVE_ARCH = YES;
				SDKROOT = iphoneos;
				SWIFT_OPTIMIZATION_LEVEL = "-Onone";
				TARGETED_DEVICE_FAMILY = "1,2";
			};
			name = Debug;
		};
		44DF12A61E71B6EB00E8C4AB /* Release */ = {
			isa = XCBuildConfiguration;
			buildSettings = {
				ALWAYS_SEARCH_USER_PATHS = NO;
				CLANG_CXX_LANGUAGE_STANDARD = "gnu++0x";
				CLANG_CXX_LIBRARY = "libc++";
				CLANG_ENABLE_MODULES = YES;
				CLANG_ENABLE_OBJC_ARC = YES;
				CLANG_WARN_BOOL_CONVERSION = YES;
				CLANG_WARN_CONSTANT_CONVERSION = YES;
				CLANG_WARN_DIRECT_OBJC_ISA_USAGE = YES_ERROR;
				CLANG_WARN_EMPTY_BODY = YES;
				CLANG_WARN_ENUM_CONVERSION = YES;
				CLANG_WARN_INT_CONVERSION = YES;
				CLANG_WARN_OBJC_ROOT_CLASS = YES_ERROR;
				CLANG_WARN_UNREACHABLE_CODE = YES;
				CLANG_WARN__DUPLICATE_METHOD_MATCH = YES;
				"CODE_SIGN_IDENTITY[sdk=iphoneos*]" = "iPhone Developer";
				COPY_PHASE_STRIP = YES;
				ENABLE_NS_ASSERTIONS = NO;
				ENABLE_STRICT_OBJC_MSGSEND = YES;
				GCC_C_LANGUAGE_STANDARD = gnu99;
				GCC_WARN_64_TO_32_BIT_CONVERSION = YES;
				GCC_WARN_ABOUT_RETURN_TYPE = YES_ERROR;
				GCC_WARN_UNDECLARED_SELECTOR = YES;
				GCC_WARN_UNINITIALIZED_AUTOS = YES_AGGRESSIVE;
				GCC_WARN_UNUSED_FUNCTION = YES;
				GCC_WARN_UNUSED_VARIABLE = YES;
				IPHONEOS_DEPLOYMENT_TARGET = 8.1;
				MTL_ENABLE_DEBUG_INFO = NO;
				SDKROOT = iphoneos;
				TARGETED_DEVICE_FAMILY = "1,2";
				VALIDATE_PRODUCT = YES;
			};
			name = Release;
		};
		44DF12A81E71B6EB00E8C4AB /* Debug */ = {
			isa = XCBuildConfiguration;
			buildSettings = {
				ASSETCATALOG_COMPILER_APPICON_NAME = AppIcon;
				INFOPLIST_FILE = TestApp/Info.plist;
				LD_RUNPATH_SEARCH_PATHS = "$(inherited) @executable_path/Frameworks";
				PRODUCT_NAME = "$(TARGET_NAME)";
			};
			name = Debug;
		};
		44DF12A91E71B6EB00E8C4AB /* Release */ = {
			isa = XCBuildConfiguration;
			buildSettings = {
				ASSETCATALOG_COMPILER_APPICON_NAME = AppIcon;
				INFOPLIST_FILE = TestApp/Info.plist;
				LD_RUNPATH_SEARCH_PATHS = "$(inherited) @executable_path/Frameworks";
				PRODUCT_NAME = "$(TARGET_NAME)";
			};
			name = Release;
		};
		44DF12AB1E71B6EB00E8C4AB /* Debug */ = {
			isa = XCBuildConfiguration;
			buildSettings = {
				BUNDLE_LOADER = "$(TEST_HOST)";
				FRAMEWORK_SEARCH_PATHS = (
					"$(SDKROOT)/Developer/Library/Frameworks",
					"$(inherited)",
				);
				GCC_PREPROCESSOR_DEFINITIONS = (
					"DEBUG=1",
					"$(inherited)",
				);
				INFOPLIST_FILE = TestAppTests/Info.plist;
				LD_RUNPATH_SEARCH_PATHS = "$(inherited) @executable_path/Frameworks @loader_path/Frameworks";
				PRODUCT_NAME = "$(TARGET_NAME)";
				TEST_HOST = "$(BUILT_PRODUCTS_DIR)/TestApp.app/TestApp";
			};
			name = Debug;
		};
		44DF12AC1E71B6EB00E8C4AB /* Release */ = {
			isa = XCBuildConfiguration;
			buildSettings = {
				BUNDLE_LOADER = "$(TEST_HOST)";
				FRAMEWORK_SEARCH_PATHS = (
					"$(SDKROOT)/Developer/Library/Frameworks",
					"$(inherited)",
				);
				INFOPLIST_FILE = TestAppTests/Info.plist;
				LD_RUNPATH_SEARCH_PATHS = "$(inherited) @executable_path/Frameworks @loader_path/Frameworks";
				PRODUCT_NAME = "$(TARGET_NAME)";
				TEST_HOST = "$(BUILT_PRODUCTS_DIR)/TestApp.app/TestApp";
			};
			name = Release;
		};
/* End XCBuildConfiguration section */

/* Begin XCConfigurationList section */
		44DF12831E71B6EB00E8C4AB /* Build configuration list for PBXProject "TestApp" */ = {
			isa = XCConfigurationList;
			buildConfigurations = (
				44DF12A51E71B6EB00E8C4AB /* Debug */,
				44DF12A61E71B6EB00E8C4AB /* Release */,
			);
			defaultConfigurationIsVisible = 0;
			defaultConfigurationName = Release;
		};
		44DF12A71E71B6EB00E8C4AB /* Build configuration list for PBXNativeTarget "TestApp" */ = {
			isa = XCConfigurationList;
			buildConfigurations = (
				44DF12A81E71B6EB00E8C4AB /* Debug */,
				44DF12A91E71B6EB00E8C4AB /* Release */,
			);
			defaultConfigurationIsVisible = 0;
		};
		44DF12AA1E71B6EB00E8C4AB /* Build configuration list for PBXNativeTarget "TestAppTests" */ = {
			isa = XCConfigurationList;
			buildConfigurations = (
				44DF12AB1E71B6EB00E8C4AB /* Debug */,
				44DF12AC1E71B6EB00E8C4AB /* Release */,
			);
			defaultConfigurationIsVisible = 0;
		};
/* End XCConfigurationList section */
	};
	rootObject = 44DF12801E71B6EB00E8C4AB /* Project object */;
}
